// !$*UTF8*$!
{
	archiveVersion = 1;
	classes = {
	};
	objectVersion = 46;
	objects = {

/* Begin PBXBuildFile section */
		A22296CB1D4414FC0081CC14 /* Quick.framework in CopyFiles */ = {isa = PBXBuildFile; fileRef = A2FFC3171D4412810035065F /* Quick.framework */; settings = {ATTRIBUTES = (CodeSignOnCopy, RemoveHeadersOnCopy, ); }; };
		A22296CC1D4414FC0081CC14 /* Nimble.framework in CopyFiles */ = {isa = PBXBuildFile; fileRef = A2FFC3151D44127B0035065F /* Nimble.framework */; settings = {ATTRIBUTES = (CodeSignOnCopy, RemoveHeadersOnCopy, ); }; };
		A2DA4A4B1D440984002961C7 /* AppDelegate.swift in Sources */ = {isa = PBXBuildFile; fileRef = A2DA4A4A1D440984002961C7 /* AppDelegate.swift */; };
		A2DA4A4D1D440984002961C7 /* LandingViewController.swift in Sources */ = {isa = PBXBuildFile; fileRef = A2DA4A4C1D440984002961C7 /* LandingViewController.swift */; };
		A2DA4A521D440984002961C7 /* Assets.xcassets in Resources */ = {isa = PBXBuildFile; fileRef = A2DA4A511D440984002961C7 /* Assets.xcassets */; };
		A2DA4A551D440984002961C7 /* LaunchScreen.storyboard in Resources */ = {isa = PBXBuildFile; fileRef = A2DA4A531D440984002961C7 /* LaunchScreen.storyboard */; };
		A2DA4A601D440984002961C7 /* DoughTests.swift in Sources */ = {isa = PBXBuildFile; fileRef = A2DA4A5F1D440984002961C7 /* DoughTests.swift */; };
		A2DA4A6B1D440984002961C7 /* DoughUITests.swift in Sources */ = {isa = PBXBuildFile; fileRef = A2DA4A6A1D440984002961C7 /* DoughUITests.swift */; };
		A2E2BDFE1D440BE700C6CBB1 /* LandingViewControllerTests.swift in Sources */ = {isa = PBXBuildFile; fileRef = A2E2BDFD1D440BE700C6CBB1 /* LandingViewControllerTests.swift */; };
		A2FFC3161D44127B0035065F /* Nimble.framework in Frameworks */ = {isa = PBXBuildFile; fileRef = A2FFC3151D44127B0035065F /* Nimble.framework */; };
		A2FFC3181D4412810035065F /* Quick.framework in Frameworks */ = {isa = PBXBuildFile; fileRef = A2FFC3171D4412810035065F /* Quick.framework */; };
		A2FFC31A1D4412C60035065F /* Landing.storyboard in Resources */ = {isa = PBXBuildFile; fileRef = A2FFC3191D4412C60035065F /* Landing.storyboard */; };
/* End PBXBuildFile section */

/* Begin PBXContainerItemProxy section */
		A2DA4A5C1D440984002961C7 /* PBXContainerItemProxy */ = {
			isa = PBXContainerItemProxy;
			containerPortal = A2DA4A3F1D440984002961C7 /* Project object */;
			proxyType = 1;
			remoteGlobalIDString = A2DA4A461D440984002961C7;
			remoteInfo = Dough;
		};
		A2DA4A671D440984002961C7 /* PBXContainerItemProxy */ = {
			isa = PBXContainerItemProxy;
			containerPortal = A2DA4A3F1D440984002961C7 /* Project object */;
			proxyType = 1;
			remoteGlobalIDString = A2DA4A461D440984002961C7;
			remoteInfo = Dough;
		};
/* End PBXContainerItemProxy section */

/* Begin PBXCopyFilesBuildPhase section */
		A22296CA1D4414EA0081CC14 /* CopyFiles */ = {
			isa = PBXCopyFilesBuildPhase;
			buildActionMask = 2147483647;
			dstPath = "";
			dstSubfolderSpec = 10;
			files = (
				A22296CB1D4414FC0081CC14 /* Quick.framework in CopyFiles */,
				A22296CC1D4414FC0081CC14 /* Nimble.framework in CopyFiles */,
			);
			runOnlyForDeploymentPostprocessing = 0;
		};
/* End PBXCopyFilesBuildPhase section */

/* Begin PBXFileReference section */
		A2DA4A471D440984002961C7 /* Dough.app */ = {isa = PBXFileReference; explicitFileType = wrapper.application; includeInIndex = 0; path = Dough.app; sourceTree = BUILT_PRODUCTS_DIR; };
		A2DA4A4A1D440984002961C7 /* AppDelegate.swift */ = {isa = PBXFileReference; lastKnownFileType = sourcecode.swift; path = AppDelegate.swift; sourceTree = "<group>"; };
		A2DA4A4C1D440984002961C7 /* LandingViewController.swift */ = {isa = PBXFileReference; lastKnownFileType = sourcecode.swift; path = LandingViewController.swift; sourceTree = "<group>"; };
		A2DA4A511D440984002961C7 /* Assets.xcassets */ = {isa = PBXFileReference; lastKnownFileType = folder.assetcatalog; path = Assets.xcassets; sourceTree = "<group>"; };
		A2DA4A541D440984002961C7 /* Base */ = {isa = PBXFileReference; lastKnownFileType = file.storyboard; name = Base; path = Base.lproj/LaunchScreen.storyboard; sourceTree = "<group>"; };
		A2DA4A561D440984002961C7 /* Info.plist */ = {isa = PBXFileReference; lastKnownFileType = text.plist.xml; path = Info.plist; sourceTree = "<group>"; };
		A2DA4A5B1D440984002961C7 /* DoughTests.xctest */ = {isa = PBXFileReference; explicitFileType = wrapper.cfbundle; includeInIndex = 0; path = DoughTests.xctest; sourceTree = BUILT_PRODUCTS_DIR; };
		A2DA4A5F1D440984002961C7 /* DoughTests.swift */ = {isa = PBXFileReference; lastKnownFileType = sourcecode.swift; path = DoughTests.swift; sourceTree = "<group>"; };
		A2DA4A611D440984002961C7 /* Info.plist */ = {isa = PBXFileReference; lastKnownFileType = text.plist.xml; path = Info.plist; sourceTree = "<group>"; };
		A2DA4A661D440984002961C7 /* DoughUITests.xctest */ = {isa = PBXFileReference; explicitFileType = wrapper.cfbundle; includeInIndex = 0; path = DoughUITests.xctest; sourceTree = BUILT_PRODUCTS_DIR; };
		A2DA4A6A1D440984002961C7 /* DoughUITests.swift */ = {isa = PBXFileReference; lastKnownFileType = sourcecode.swift; path = DoughUITests.swift; sourceTree = "<group>"; };
		A2DA4A6C1D440984002961C7 /* Info.plist */ = {isa = PBXFileReference; lastKnownFileType = text.plist.xml; path = Info.plist; sourceTree = "<group>"; };
		A2E2BDFD1D440BE700C6CBB1 /* LandingViewControllerTests.swift */ = {isa = PBXFileReference; fileEncoding = 4; lastKnownFileType = sourcecode.swift; path = LandingViewControllerTests.swift; sourceTree = "<group>"; };
		A2FFC3151D44127B0035065F /* Nimble.framework */ = {isa = PBXFileReference; lastKnownFileType = wrapper.framework; name = Nimble.framework; path = Carthage/Build/iOS/Nimble.framework; sourceTree = SOURCE_ROOT; };
		A2FFC3171D4412810035065F /* Quick.framework */ = {isa = PBXFileReference; lastKnownFileType = wrapper.framework; name = Quick.framework; path = Carthage/Build/iOS/Quick.framework; sourceTree = SOURCE_ROOT; };
		A2FFC3191D4412C60035065F /* Landing.storyboard */ = {isa = PBXFileReference; fileEncoding = 4; lastKnownFileType = file.storyboard; path = Landing.storyboard; sourceTree = "<group>"; };
/* End PBXFileReference section */

/* Begin PBXFrameworksBuildPhase section */
		A2DA4A441D440984002961C7 /* Frameworks */ = {
			isa = PBXFrameworksBuildPhase;
			buildActionMask = 2147483647;
			files = (
			);
			runOnlyForDeploymentPostprocessing = 0;
		};
		A2DA4A581D440984002961C7 /* Frameworks */ = {
			isa = PBXFrameworksBuildPhase;
			buildActionMask = 2147483647;
			files = (
				A2FFC3181D4412810035065F /* Quick.framework in Frameworks */,
				A2FFC3161D44127B0035065F /* Nimble.framework in Frameworks */,
			);
			runOnlyForDeploymentPostprocessing = 0;
		};
		A2DA4A631D440984002961C7 /* Frameworks */ = {
			isa = PBXFrameworksBuildPhase;
			buildActionMask = 2147483647;
			files = (
			);
			runOnlyForDeploymentPostprocessing = 0;
		};
/* End PBXFrameworksBuildPhase section */

/* Begin PBXGroup section */
		A2DA4A3E1D440984002961C7 = {
			isa = PBXGroup;
			children = (
				A2DA4A491D440984002961C7 /* Dough */,
				A2DA4A5E1D440984002961C7 /* DoughTests */,
				A2DA4A691D440984002961C7 /* DoughUITests */,
				A2DA4A481D440984002961C7 /* Products */,
			);
			sourceTree = "<group>";
		};
		A2DA4A481D440984002961C7 /* Products */ = {
			isa = PBXGroup;
			children = (
				A2DA4A471D440984002961C7 /* Dough.app */,
				A2DA4A5B1D440984002961C7 /* DoughTests.xctest */,
				A2DA4A661D440984002961C7 /* DoughUITests.xctest */,
			);
			name = Products;
			sourceTree = "<group>";
		};
		A2DA4A491D440984002961C7 /* Dough */ = {
			isa = PBXGroup;
			children = (
				A2E2BDFB1D440BB600C6CBB1 /* Landing */,
				A2DA4A4A1D440984002961C7 /* AppDelegate.swift */,
				A2DA4A511D440984002961C7 /* Assets.xcassets */,
				A2DA4A531D440984002961C7 /* LaunchScreen.storyboard */,
				A2DA4A561D440984002961C7 /* Info.plist */,
			);
			path = Dough;
			sourceTree = "<group>";
		};
		A2DA4A5E1D440984002961C7 /* DoughTests */ = {
			isa = PBXGroup;
			children = (
				A2FFC3141D44126F0035065F /* Frameworks */,
				A2E2BDFC1D440BD200C6CBB1 /* Landing */,
				A2DA4A5F1D440984002961C7 /* DoughTests.swift */,
				A2DA4A611D440984002961C7 /* Info.plist */,
			);
			path = DoughTests;
			sourceTree = "<group>";
		};
		A2DA4A691D440984002961C7 /* DoughUITests */ = {
			isa = PBXGroup;
			children = (
				A2DA4A6A1D440984002961C7 /* DoughUITests.swift */,
				A2DA4A6C1D440984002961C7 /* Info.plist */,
			);
			path = DoughUITests;
			sourceTree = "<group>";
		};
		A2E2BDFB1D440BB600C6CBB1 /* Landing */ = {
			isa = PBXGroup;
			children = (
				A2DA4A4C1D440984002961C7 /* LandingViewController.swift */,
				A2FFC3191D4412C60035065F /* Landing.storyboard */,
			);
			name = Landing;
			sourceTree = "<group>";
		};
		A2E2BDFC1D440BD200C6CBB1 /* Landing */ = {
			isa = PBXGroup;
			children = (
				A2E2BDFD1D440BE700C6CBB1 /* LandingViewControllerTests.swift */,
			);
			name = Landing;
			sourceTree = "<group>";
		};
		A2FFC3141D44126F0035065F /* Frameworks */ = {
			isa = PBXGroup;
			children = (
				A2FFC3171D4412810035065F /* Quick.framework */,
				A2FFC3151D44127B0035065F /* Nimble.framework */,
			);
			name = Frameworks;
			sourceTree = "<group>";
		};
/* End PBXGroup section */

/* Begin PBXNativeTarget section */
		A2DA4A461D440984002961C7 /* Dough */ = {
			isa = PBXNativeTarget;
			buildConfigurationList = A2DA4A6F1D440984002961C7 /* Build configuration list for PBXNativeTarget "Dough" */;
			buildPhases = (
				A2DA4A431D440984002961C7 /* Sources */,
				A2DA4A441D440984002961C7 /* Frameworks */,
				A2DA4A451D440984002961C7 /* Resources */,
			);
			buildRules = (
			);
			dependencies = (
			);
			name = Dough;
			productName = Dough;
			productReference = A2DA4A471D440984002961C7 /* Dough.app */;
			productType = "com.apple.product-type.application";
		};
		A2DA4A5A1D440984002961C7 /* DoughTests */ = {
			isa = PBXNativeTarget;
			buildConfigurationList = A2DA4A721D440984002961C7 /* Build configuration list for PBXNativeTarget "DoughTests" */;
			buildPhases = (
				A2DA4A571D440984002961C7 /* Sources */,
				A2DA4A581D440984002961C7 /* Frameworks */,
				A2DA4A591D440984002961C7 /* Resources */,
				A22296CA1D4414EA0081CC14 /* CopyFiles */,
			);
			buildRules = (
			);
			dependencies = (
				A2DA4A5D1D440984002961C7 /* PBXTargetDependency */,
			);
			name = DoughTests;
			productName = DoughTests;
			productReference = A2DA4A5B1D440984002961C7 /* DoughTests.xctest */;
			productType = "com.apple.product-type.bundle.unit-test";
		};
		A2DA4A651D440984002961C7 /* DoughUITests */ = {
			isa = PBXNativeTarget;
			buildConfigurationList = A2DA4A751D440984002961C7 /* Build configuration list for PBXNativeTarget "DoughUITests" */;
			buildPhases = (
				A2DA4A621D440984002961C7 /* Sources */,
				A2DA4A631D440984002961C7 /* Frameworks */,
				A2DA4A641D440984002961C7 /* Resources */,
			);
			buildRules = (
			);
			dependencies = (
				A2DA4A681D440984002961C7 /* PBXTargetDependency */,
			);
			name = DoughUITests;
			productName = DoughUITests;
			productReference = A2DA4A661D440984002961C7 /* DoughUITests.xctest */;
			productType = "com.apple.product-type.bundle.ui-testing";
		};
/* End PBXNativeTarget section */

/* Begin PBXProject section */
		A2DA4A3F1D440984002961C7 /* Project object */ = {
			isa = PBXProject;
			attributes = {
				LastSwiftUpdateCheck = 0730;
				LastUpgradeCheck = 0730;
				ORGANIZATIONNAME = Dough;
				TargetAttributes = {
					A2DA4A461D440984002961C7 = {
						CreatedOnToolsVersion = 7.3.1;
					};
					A2DA4A5A1D440984002961C7 = {
						CreatedOnToolsVersion = 7.3.1;
						TestTargetID = A2DA4A461D440984002961C7;
					};
					A2DA4A651D440984002961C7 = {
						CreatedOnToolsVersion = 7.3.1;
						TestTargetID = A2DA4A461D440984002961C7;
					};
				};
			};
			buildConfigurationList = A2DA4A421D440984002961C7 /* Build configuration list for PBXProject "Dough" */;
			compatibilityVersion = "Xcode 3.2";
			developmentRegion = English;
			hasScannedForEncodings = 0;
			knownRegions = (
				en,
				Base,
			);
			mainGroup = A2DA4A3E1D440984002961C7;
			productRefGroup = A2DA4A481D440984002961C7 /* Products */;
			projectDirPath = "";
			projectRoot = "";
			targets = (
				A2DA4A461D440984002961C7 /* Dough */,
				A2DA4A5A1D440984002961C7 /* DoughTests */,
				A2DA4A651D440984002961C7 /* DoughUITests */,
			);
		};
/* End PBXProject section */

/* Begin PBXResourcesBuildPhase section */
		A2DA4A451D440984002961C7 /* Resources */ = {
			isa = PBXResourcesBuildPhase;
			buildActionMask = 2147483647;
			files = (
				A2FFC31A1D4412C60035065F /* Landing.storyboard in Resources */,
				A2DA4A551D440984002961C7 /* LaunchScreen.storyboard in Resources */,
				A2DA4A521D440984002961C7 /* Assets.xcassets in Resources */,
			);
			runOnlyForDeploymentPostprocessing = 0;
		};
		A2DA4A591D440984002961C7 /* Resources */ = {
			isa = PBXResourcesBuildPhase;
			buildActionMask = 2147483647;
			files = (
			);
			runOnlyForDeploymentPostprocessing = 0;
		};
		A2DA4A641D440984002961C7 /* Resources */ = {
			isa = PBXResourcesBuildPhase;
			buildActionMask = 2147483647;
			files = (
			);
			runOnlyForDeploymentPostprocessing = 0;
		};
/* End PBXResourcesBuildPhase section */

/* Begin PBXSourcesBuildPhase section */
		A2DA4A431D440984002961C7 /* Sources */ = {
			isa = PBXSourcesBuildPhase;
			buildActionMask = 2147483647;
			files = (
				A2DA4A4D1D440984002961C7 /* LandingViewController.swift in Sources */,
				A2DA4A4B1D440984002961C7 /* AppDelegate.swift in Sources */,
			);
			runOnlyForDeploymentPostprocessing = 0;
		};
		A2DA4A571D440984002961C7 /* Sources */ = {
			isa = PBXSourcesBuildPhase;
			buildActionMask = 2147483647;
			files = (
				A2E2BDFE1D440BE700C6CBB1 /* LandingViewControllerTests.swift in Sources */,
				A2DA4A601D440984002961C7 /* DoughTests.swift in Sources */,
			);
			runOnlyForDeploymentPostprocessing = 0;
		};
		A2DA4A621D440984002961C7 /* Sources */ = {
			isa = PBXSourcesBuildPhase;
			buildActionMask = 2147483647;
			files = (
				A2DA4A6B1D440984002961C7 /* DoughUITests.swift in Sources */,
			);
			runOnlyForDeploymentPostprocessing = 0;
		};
/* End PBXSourcesBuildPhase section */

/* Begin PBXTargetDependency section */
		A2DA4A5D1D440984002961C7 /* PBXTargetDependency */ = {
			isa = PBXTargetDependency;
			target = A2DA4A461D440984002961C7 /* Dough */;
			targetProxy = A2DA4A5C1D440984002961C7 /* PBXContainerItemProxy */;
		};
		A2DA4A681D440984002961C7 /* PBXTargetDependency */ = {
			isa = PBXTargetDependency;
			target = A2DA4A461D440984002961C7 /* Dough */;
			targetProxy = A2DA4A671D440984002961C7 /* PBXContainerItemProxy */;
		};
/* End PBXTargetDependency section */

/* Begin PBXVariantGroup section */
		A2DA4A531D440984002961C7 /* LaunchScreen.storyboard */ = {
			isa = PBXVariantGroup;
			children = (
				A2DA4A541D440984002961C7 /* Base */,
			);
			name = LaunchScreen.storyboard;
			sourceTree = "<group>";
		};
/* End PBXVariantGroup section */

/* Begin XCBuildConfiguration section */
		A2DA4A6D1D440984002961C7 /* Debug */ = {
			isa = XCBuildConfiguration;
			buildSettings = {
				ALWAYS_SEARCH_USER_PATHS = NO;
				CLANG_ANALYZER_NONNULL = YES;
				CLANG_CXX_LANGUAGE_STANDARD = "gnu++0x";
				CLANG_CXX_LIBRARY = "libc++";
				CLANG_ENABLE_MODULES = YES;
				CLANG_ENABLE_OBJC_ARC = YES;
				CLANG_WARN_BOOL_CONVERSION = YES;
				CLANG_WARN_CONSTANT_CONVERSION = YES;
				CLANG_WARN_DIRECT_OBJC_ISA_USAGE = YES_ERROR;
				CLANG_WARN_EMPTY_BODY = YES;
				CLANG_WARN_ENUM_CONVERSION = YES;
				CLANG_WARN_INT_CONVERSION = YES;
				CLANG_WARN_OBJC_ROOT_CLASS = YES_ERROR;
				CLANG_WARN_UNREACHABLE_CODE = YES;
				CLANG_WARN__DUPLICATE_METHOD_MATCH = YES;
				"CODE_SIGN_IDENTITY[sdk=iphoneos*]" = "iPhone Developer";
				COPY_PHASE_STRIP = NO;
				DEBUG_INFORMATION_FORMAT = dwarf;
				ENABLE_STRICT_OBJC_MSGSEND = YES;
				ENABLE_TESTABILITY = YES;
				GCC_C_LANGUAGE_STANDARD = gnu99;
				GCC_DYNAMIC_NO_PIC = NO;
				GCC_NO_COMMON_BLOCKS = YES;
				GCC_OPTIMIZATION_LEVEL = 0;
				GCC_PREPROCESSOR_DEFINITIONS = (
					"DEBUG=1",
					"$(inherited)",
				);
				GCC_WARN_64_TO_32_BIT_CONVERSION = YES;
				GCC_WARN_ABOUT_RETURN_TYPE = YES_ERROR;
				GCC_WARN_UNDECLARED_SELECTOR = YES;
				GCC_WARN_UNINITIALIZED_AUTOS = YES_AGGRESSIVE;
				GCC_WARN_UNUSED_FUNCTION = YES;
				GCC_WARN_UNUSED_VARIABLE = YES;
				IPHONEOS_DEPLOYMENT_TARGET = 9.3;
				MTL_ENABLE_DEBUG_INFO = YES;
				ONLY_ACTIVE_ARCH = YES;
				SDKROOT = iphoneos;
				SWIFT_OPTIMIZATION_LEVEL = "-Onone";
			};
			name = Debug;
		};
		A2DA4A6E1D440984002961C7 /* Release */ = {
			isa = XCBuildConfiguration;
			buildSettings = {
				ALWAYS_SEARCH_USER_PATHS = NO;
				CLANG_ANALYZER_NONNULL = YES;
				CLANG_CXX_LANGUAGE_STANDARD = "gnu++0x";
				CLANG_CXX_LIBRARY = "libc++";
				CLANG_ENABLE_MODULES = YES;
				CLANG_ENABLE_OBJC_ARC = YES;
				CLANG_WARN_BOOL_CONVERSION = YES;
				CLANG_WARN_CONSTANT_CONVERSION = YES;
				CLANG_WARN_DIRECT_OBJC_ISA_USAGE = YES_ERROR;
				CLANG_WARN_EMPTY_BODY = YES;
				CLANG_WARN_ENUM_CONVERSION = YES;
				CLANG_WARN_INT_CONVERSION = YES;
				CLANG_WARN_OBJC_ROOT_CLASS = YES_ERROR;
				CLANG_WARN_UNREACHABLE_CODE = YES;
				CLANG_WARN__DUPLICATE_METHOD_MATCH = YES;
				"CODE_SIGN_IDENTITY[sdk=iphoneos*]" = "iPhone Developer";
				COPY_PHASE_STRIP = NO;
				DEBUG_INFORMATION_FORMAT = "dwarf-with-dsym";
				ENABLE_NS_ASSERTIONS = NO;
				ENABLE_STRICT_OBJC_MSGSEND = YES;
				GCC_C_LANGUAGE_STANDARD = gnu99;
				GCC_NO_COMMON_BLOCKS = YES;
				GCC_WARN_64_TO_32_BIT_CONVERSION = YES;
				GCC_WARN_ABOUT_RETURN_TYPE = YES_ERROR;
				GCC_WARN_UNDECLARED_SELECTOR = YES;
				GCC_WARN_UNINITIALIZED_AUTOS = YES_AGGRESSIVE;
				GCC_WARN_UNUSED_FUNCTION = YES;
				GCC_WARN_UNUSED_VARIABLE = YES;
				IPHONEOS_DEPLOYMENT_TARGET = 9.3;
				MTL_ENABLE_DEBUG_INFO = NO;
				SDKROOT = iphoneos;
				VALIDATE_PRODUCT = YES;
			};
			name = Release;
		};
		A2DA4A701D440984002961C7 /* Debug */ = {
			isa = XCBuildConfiguration;
			buildSettings = {
				ASSETCATALOG_COMPILER_APPICON_NAME = AppIcon;
				FRAMEWORK_SEARCH_PATHS = (
					"$(inherited)",
					"$(PROJECT_DIR)/Carthage/Build/iOS",
				);
				INFOPLIST_FILE = Dough/Info.plist;
				LD_RUNPATH_SEARCH_PATHS = "$(inherited) @executable_path/Frameworks";
				PRODUCT_BUNDLE_IDENTIFIER = com.JM.Dough.Dough;
				PRODUCT_NAME = "$(TARGET_NAME)";
			};
			name = Debug;
		};
		A2DA4A711D440984002961C7 /* Release */ = {
			isa = XCBuildConfiguration;
			buildSettings = {
				ASSETCATALOG_COMPILER_APPICON_NAME = AppIcon;
				FRAMEWORK_SEARCH_PATHS = (
					"$(inherited)",
					"$(PROJECT_DIR)/Carthage/Build/iOS",
				);
				INFOPLIST_FILE = Dough/Info.plist;
				LD_RUNPATH_SEARCH_PATHS = "$(inherited) @executable_path/Frameworks";
				PRODUCT_BUNDLE_IDENTIFIER = com.JM.Dough.Dough;
				PRODUCT_NAME = "$(TARGET_NAME)";
			};
			name = Release;
		};
		A2DA4A731D440984002961C7 /* Debug */ = {
			isa = XCBuildConfiguration;
			buildSettings = {
				BUNDLE_LOADER = "$(TEST_HOST)";
				FRAMEWORK_SEARCH_PATHS = (
					"$(inherited)",
					"$(PROJECT_DIR)/Carthage/Build/iOS",
				);
				INFOPLIST_FILE = DoughTests/Info.plist;
				LD_RUNPATH_SEARCH_PATHS = "$(inherited) @executable_path/Frameworks @loader_path/Frameworks";
				PRODUCT_BUNDLE_IDENTIFIER = com.JM.Dough.DoughTests;
				PRODUCT_NAME = "$(TARGET_NAME)";
				TEST_HOST = "$(BUILT_PRODUCTS_DIR)/Dough.app/Dough";
			};
			name = Debug;
		};
		A2DA4A741D440984002961C7 /* Release */ = {
			isa = XCBuildConfiguration;
			buildSettings = {
				BUNDLE_LOADER = "$(TEST_HOST)";
				FRAMEWORK_SEARCH_PATHS = (
					"$(inherited)",
					"$(PROJECT_DIR)/Carthage/Build/iOS",
				);
				INFOPLIST_FILE = DoughTests/Info.plist;
				LD_RUNPATH_SEARCH_PATHS = "$(inherited) @executable_path/Frameworks @loader_path/Frameworks";
				PRODUCT_BUNDLE_IDENTIFIER = com.JM.Dough.DoughTests;
				PRODUCT_NAME = "$(TARGET_NAME)";
				TEST_HOST = "$(BUILT_PRODUCTS_DIR)/Dough.app/Dough";
			};
			name = Release;
		};
		A2DA4A761D440984002961C7 /* Debug */ = {
			isa = XCBuildConfiguration;
			buildSettings = {
				INFOPLIST_FILE = DoughUITests/Info.plist;
				LD_RUNPATH_SEARCH_PATHS = "$(inherited) @executable_path/Frameworks @loader_path/Frameworks";
				PRODUCT_BUNDLE_IDENTIFIER = com.JM.Dough.DoughUITests;
				PRODUCT_NAME = "$(TARGET_NAME)";
				TEST_TARGET_NAME = Dough;
			};
			name = Debug;
		};
		A2DA4A771D440984002961C7 /* Release */ = {
			isa = XCBuildConfiguration;
			buildSettings = {
				INFOPLIST_FILE = DoughUITests/Info.plist;
				LD_RUNPATH_SEARCH_PATHS = "$(inherited) @executable_path/Frameworks @loader_path/Frameworks";
				PRODUCT_BUNDLE_IDENTIFIER = com.JM.Dough.DoughUITests;
				PRODUCT_NAME = "$(TARGET_NAME)";
				TEST_TARGET_NAME = Dough;
			};
			name = Release;
		};
/* End XCBuildConfiguration section */

/* Begin XCConfigurationList section */
		A2DA4A421D440984002961C7 /* Build configuration list for PBXProject "Dough" */ = {
			isa = XCConfigurationList;
			buildConfigurations = (
				A2DA4A6D1D440984002961C7 /* Debug */,
				A2DA4A6E1D440984002961C7 /* Release */,
			);
			defaultConfigurationIsVisible = 0;
			defaultConfigurationName = Release;
		};
		A2DA4A6F1D440984002961C7 /* Build configuration list for PBXNativeTarget "Dough" */ = {
			isa = XCConfigurationList;
			buildConfigurations = (
				A2DA4A701D440984002961C7 /* Debug */,
				A2DA4A711D440984002961C7 /* Release */,
			);
			defaultConfigurationIsVisible = 0;
			defaultConfigurationName = Release;
		};
		A2DA4A721D440984002961C7 /* Build configuration list for PBXNativeTarget "DoughTests" */ = {
			isa = XCConfigurationList;
			buildConfigurations = (
				A2DA4A731D440984002961C7 /* Debug */,
				A2DA4A741D440984002961C7 /* Release */,
			);
			defaultConfigurationIsVisible = 0;
			defaultConfigurationName = Release;
		};
		A2DA4A751D440984002961C7 /* Build configuration list for PBXNativeTarget "DoughUITests" */ = {
			isa = XCConfigurationList;
			buildConfigurations = (
				A2DA4A761D440984002961C7 /* Debug */,
				A2DA4A771D440984002961C7 /* Release */,
			);
			defaultConfigurationIsVisible = 0;
			defaultConfigurationName = Release;
		};
/* End XCConfigurationList section */
	};
	rootObject = A2DA4A3F1D440984002961C7 /* Project object */;
}
